// !$*UTF8*$!
{
	archiveVersion = 1;
	classes = {
	};
	objectVersion = 55;
	objects = {

/* Begin PBXBuildFile section */
		11F247F02858AC8D00DA595B /* Realm3App.swift in Sources */ = {isa = PBXBuildFile; fileRef = 11F247EF2858AC8D00DA595B /* Realm3App.swift */; };
		11F247F22858AC8D00DA595B /* ContentView.swift in Sources */ = {isa = PBXBuildFile; fileRef = 11F247F12858AC8D00DA595B /* ContentView.swift */; };
		11F247F42858AC8E00DA595B /* Assets.xcassets in Resources */ = {isa = PBXBuildFile; fileRef = 11F247F32858AC8E00DA595B /* Assets.xcassets */; };
		11F247F72858AC8E00DA595B /* Preview Assets.xcassets in Resources */ = {isa = PBXBuildFile; fileRef = 11F247F62858AC8E00DA595B /* Preview Assets.xcassets */; };
		11F248012858AC8E00DA595B /* Realm3Tests.swift in Sources */ = {isa = PBXBuildFile; fileRef = 11F248002858AC8E00DA595B /* Realm3Tests.swift */; };
		11F2480B2858AC8E00DA595B /* Realm3UITests.swift in Sources */ = {isa = PBXBuildFile; fileRef = 11F2480A2858AC8E00DA595B /* Realm3UITests.swift */; };
		11F2480D2858AC8E00DA595B /* Realm3UITestsLaunchTests.swift in Sources */ = {isa = PBXBuildFile; fileRef = 11F2480C2858AC8E00DA595B /* Realm3UITestsLaunchTests.swift */; };
		11F2481A2858AF5600DA595B /* Realm.swift in Sources */ = {isa = PBXBuildFile; fileRef = 11F248192858AF5600DA595B /* Realm.swift */; };
		11F2481D2858AFD400DA595B /* RealmSwift in Frameworks */ = {isa = PBXBuildFile; productRef = 11F2481C2858AFD400DA595B /* RealmSwift */; };
		11F248242858C4C900DA595B /* FoodView.swift in Sources */ = {isa = PBXBuildFile; fileRef = 11F248232858C4C900DA595B /* FoodView.swift */; };
		11F248262858C58000DA595B /* DataFactory.swift in Sources */ = {isa = PBXBuildFile; fileRef = 11F248252858C58000DA595B /* DataFactory.swift */; };
		11F248282858CE2F00DA595B /* RealmModel.swift in Sources */ = {isa = PBXBuildFile; fileRef = 11F248272858CE2F00DA595B /* RealmModel.swift */; };
		11F2482D2859C6D300DA595B /* sampleData.csv in Resources */ = {isa = PBXBuildFile; fileRef = 11F2482C2859C6D300DA595B /* sampleData.csv */; };
/* End PBXBuildFile section */

/* Begin PBXContainerItemProxy section */
		11F247FD2858AC8E00DA595B /* PBXContainerItemProxy */ = {
			isa = PBXContainerItemProxy;
			containerPortal = 11F247E42858AC8D00DA595B /* Project object */;
			proxyType = 1;
			remoteGlobalIDString = 11F247EB2858AC8D00DA595B;
			remoteInfo = Realm3;
		};
		11F248072858AC8E00DA595B /* PBXContainerItemProxy */ = {
			isa = PBXContainerItemProxy;
			containerPortal = 11F247E42858AC8D00DA595B /* Project object */;
			proxyType = 1;
			remoteGlobalIDString = 11F247EB2858AC8D00DA595B;
			remoteInfo = Realm3;
		};
/* End PBXContainerItemProxy section */

/* Begin PBXFileReference section */
		11F247EC2858AC8D00DA595B /* Realm3.app */ = {isa = PBXFileReference; explicitFileType = wrapper.application; includeInIndex = 0; path = Realm3.app; sourceTree = BUILT_PRODUCTS_DIR; };
		11F247EF2858AC8D00DA595B /* Realm3App.swift */ = {isa = PBXFileReference; lastKnownFileType = sourcecode.swift; path = Realm3App.swift; sourceTree = "<group>"; };
		11F247F12858AC8D00DA595B /* ContentView.swift */ = {isa = PBXFileReference; lastKnownFileType = sourcecode.swift; path = ContentView.swift; sourceTree = "<group>"; };
		11F247F32858AC8E00DA595B /* Assets.xcassets */ = {isa = PBXFileReference; lastKnownFileType = folder.assetcatalog; path = Assets.xcassets; sourceTree = "<group>"; };
		11F247F62858AC8E00DA595B /* Preview Assets.xcassets */ = {isa = PBXFileReference; lastKnownFileType = folder.assetcatalog; path = "Preview Assets.xcassets"; sourceTree = "<group>"; };
		11F247FC2858AC8E00DA595B /* Realm3Tests.xctest */ = {isa = PBXFileReference; explicitFileType = wrapper.cfbundle; includeInIndex = 0; path = Realm3Tests.xctest; sourceTree = BUILT_PRODUCTS_DIR; };
		11F248002858AC8E00DA595B /* Realm3Tests.swift */ = {isa = PBXFileReference; lastKnownFileType = sourcecode.swift; path = Realm3Tests.swift; sourceTree = "<group>"; };
		11F248062858AC8E00DA595B /* Realm3UITests.xctest */ = {isa = PBXFileReference; explicitFileType = wrapper.cfbundle; includeInIndex = 0; path = Realm3UITests.xctest; sourceTree = BUILT_PRODUCTS_DIR; };
		11F2480A2858AC8E00DA595B /* Realm3UITests.swift */ = {isa = PBXFileReference; lastKnownFileType = sourcecode.swift; path = Realm3UITests.swift; sourceTree = "<group>"; };
		11F2480C2858AC8E00DA595B /* Realm3UITestsLaunchTests.swift */ = {isa = PBXFileReference; lastKnownFileType = sourcecode.swift; path = Realm3UITestsLaunchTests.swift; sourceTree = "<group>"; };
		11F248192858AF5600DA595B /* Realm.swift */ = {isa = PBXFileReference; lastKnownFileType = sourcecode.swift; path = Realm.swift; sourceTree = "<group>"; };
		11F248232858C4C900DA595B /* FoodView.swift */ = {isa = PBXFileReference; lastKnownFileType = sourcecode.swift; path = FoodView.swift; sourceTree = "<group>"; };
		11F248252858C58000DA595B /* DataFactory.swift */ = {isa = PBXFileReference; lastKnownFileType = sourcecode.swift; path = DataFactory.swift; sourceTree = "<group>"; };
		11F248272858CE2F00DA595B /* RealmModel.swift */ = {isa = PBXFileReference; lastKnownFileType = sourcecode.swift; path = RealmModel.swift; sourceTree = "<group>"; };
		11F2482C2859C6D300DA595B /* sampleData.csv */ = {isa = PBXFileReference; fileEncoding = 4; lastKnownFileType = text; name = sampleData.csv; path = ../../../../Downloads/sampleData.csv; sourceTree = "<group>"; };
/* End PBXFileReference section */

/* Begin PBXFrameworksBuildPhase section */
		11F247E92858AC8D00DA595B /* Frameworks */ = {
			isa = PBXFrameworksBuildPhase;
			buildActionMask = 2147483647;
			files = (
				11F2481D2858AFD400DA595B /* RealmSwift in Frameworks */,
			);
			runOnlyForDeploymentPostprocessing = 0;
		};
		11F247F92858AC8E00DA595B /* Frameworks */ = {
			isa = PBXFrameworksBuildPhase;
			buildActionMask = 2147483647;
			files = (
			);
			runOnlyForDeploymentPostprocessing = 0;
		};
		11F248032858AC8E00DA595B /* Frameworks */ = {
			isa = PBXFrameworksBuildPhase;
			buildActionMask = 2147483647;
			files = (
			);
			runOnlyForDeploymentPostprocessing = 0;
		};
/* End PBXFrameworksBuildPhase section */

/* Begin PBXGroup section */
		11F247E32858AC8D00DA595B = {
			isa = PBXGroup;
			children = (
				11F247EE2858AC8D00DA595B /* Realm3 */,
				11F247FF2858AC8E00DA595B /* Realm3Tests */,
				11F248092858AC8E00DA595B /* Realm3UITests */,
				11F247ED2858AC8D00DA595B /* Products */,
			);
			sourceTree = "<group>";
		};
		11F247ED2858AC8D00DA595B /* Products */ = {
			isa = PBXGroup;
			children = (
				11F247EC2858AC8D00DA595B /* Realm3.app */,
				11F247FC2858AC8E00DA595B /* Realm3Tests.xctest */,
				11F248062858AC8E00DA595B /* Realm3UITests.xctest */,
			);
			name = Products;
			sourceTree = "<group>";
		};
		11F247EE2858AC8D00DA595B /* Realm3 */ = {
			isa = PBXGroup;
			children = (
				11F247EF2858AC8D00DA595B /* Realm3App.swift */,
				11F247F12858AC8D00DA595B /* ContentView.swift */,
				11F248192858AF5600DA595B /* Realm.swift */,
				11F248232858C4C900DA595B /* FoodView.swift */,
				11F248252858C58000DA595B /* DataFactory.swift */,
				11F248272858CE2F00DA595B /* RealmModel.swift */,
				11F247F32858AC8E00DA595B /* Assets.xcassets */,
				11F2482C2859C6D300DA595B /* sampleData.csv */,
				11F247F52858AC8E00DA595B /* Preview Content */,
			);
			path = Realm3;
			sourceTree = "<group>";
		};
		11F247F52858AC8E00DA595B /* Preview Content */ = {
			isa = PBXGroup;
			children = (
				11F247F62858AC8E00DA595B /* Preview Assets.xcassets */,
			);
			path = "Preview Content";
			sourceTree = "<group>";
		};
		11F247FF2858AC8E00DA595B /* Realm3Tests */ = {
			isa = PBXGroup;
			children = (
				11F248002858AC8E00DA595B /* Realm3Tests.swift */,
			);
			path = Realm3Tests;
			sourceTree = "<group>";
		};
		11F248092858AC8E00DA595B /* Realm3UITests */ = {
			isa = PBXGroup;
			children = (
				11F2480A2858AC8E00DA595B /* Realm3UITests.swift */,
				11F2480C2858AC8E00DA595B /* Realm3UITestsLaunchTests.swift */,
			);
			path = Realm3UITests;
			sourceTree = "<group>";
		};
/* End PBXGroup section */

/* Begin PBXNativeTarget section */
		11F247EB2858AC8D00DA595B /* Realm3 */ = {
			isa = PBXNativeTarget;
			buildConfigurationList = 11F248102858AC8E00DA595B /* Build configuration list for PBXNativeTarget "Realm3" */;
			buildPhases = (
				11F247E82858AC8D00DA595B /* Sources */,
				11F247E92858AC8D00DA595B /* Frameworks */,
				11F247EA2858AC8D00DA595B /* Resources */,
			);
			buildRules = (
			);
			dependencies = (
			);
			name = Realm3;
			packageProductDependencies = (
				11F2481C2858AFD400DA595B /* RealmSwift */,
			);
			productName = Realm3;
			productReference = 11F247EC2858AC8D00DA595B /* Realm3.app */;
			productType = "com.apple.product-type.application";
		};
		11F247FB2858AC8E00DA595B /* Realm3Tests */ = {
			isa = PBXNativeTarget;
			buildConfigurationList = 11F248132858AC8E00DA595B /* Build configuration list for PBXNativeTarget "Realm3Tests" */;
			buildPhases = (
				11F247F82858AC8E00DA595B /* Sources */,
				11F247F92858AC8E00DA595B /* Frameworks */,
				11F247FA2858AC8E00DA595B /* Resources */,
			);
			buildRules = (
			);
			dependencies = (
				11F247FE2858AC8E00DA595B /* PBXTargetDependency */,
			);
			name = Realm3Tests;
			productName = Realm3Tests;
			productReference = 11F247FC2858AC8E00DA595B /* Realm3Tests.xctest */;
			productType = "com.apple.product-type.bundle.unit-test";
		};
		11F248052858AC8E00DA595B /* Realm3UITests */ = {
			isa = PBXNativeTarget;
			buildConfigurationList = 11F248162858AC8E00DA595B /* Build configuration list for PBXNativeTarget "Realm3UITests" */;
			buildPhases = (
				11F248022858AC8E00DA595B /* Sources */,
				11F248032858AC8E00DA595B /* Frameworks */,
				11F248042858AC8E00DA595B /* Resources */,
			);
			buildRules = (
			);
			dependencies = (
				11F248082858AC8E00DA595B /* PBXTargetDependency */,
			);
			name = Realm3UITests;
			productName = Realm3UITests;
			productReference = 11F248062858AC8E00DA595B /* Realm3UITests.xctest */;
			productType = "com.apple.product-type.bundle.ui-testing";
		};
/* End PBXNativeTarget section */

/* Begin PBXProject section */
		11F247E42858AC8D00DA595B /* Project object */ = {
			isa = PBXProject;
			attributes = {
				BuildIndependentTargetsInParallel = 1;
				LastSwiftUpdateCheck = 1330;
				LastUpgradeCheck = 1330;
				TargetAttributes = {
					11F247EB2858AC8D00DA595B = {
						CreatedOnToolsVersion = 13.3;
					};
					11F247FB2858AC8E00DA595B = {
						CreatedOnToolsVersion = 13.3;
						TestTargetID = 11F247EB2858AC8D00DA595B;
					};
					11F248052858AC8E00DA595B = {
						CreatedOnToolsVersion = 13.3;
						TestTargetID = 11F247EB2858AC8D00DA595B;
					};
				};
			};
			buildConfigurationList = 11F247E72858AC8D00DA595B /* Build configuration list for PBXProject "Realm3" */;
			compatibilityVersion = "Xcode 13.0";
			developmentRegion = en;
			hasScannedForEncodings = 0;
			knownRegions = (
				en,
				Base,
			);
			mainGroup = 11F247E32858AC8D00DA595B;
			packageReferences = (
				11F2481B2858AFD400DA595B /* XCRemoteSwiftPackageReference "realm-swift" */,
			);
			productRefGroup = 11F247ED2858AC8D00DA595B /* Products */;
			projectDirPath = "";
			projectRoot = "";
			targets = (
				11F247EB2858AC8D00DA595B /* Realm3 */,
				11F247FB2858AC8E00DA595B /* Realm3Tests */,
				11F248052858AC8E00DA595B /* Realm3UITests */,
			);
		};
/* End PBXProject section */

/* Begin PBXResourcesBuildPhase section */
		11F247EA2858AC8D00DA595B /* Resources */ = {
			isa = PBXResourcesBuildPhase;
			buildActionMask = 2147483647;
			files = (
				11F2482D2859C6D300DA595B /* sampleData.csv in Resources */,
				11F247F72858AC8E00DA595B /* Preview Assets.xcassets in Resources */,
				11F247F42858AC8E00DA595B /* Assets.xcassets in Resources */,
			);
			runOnlyForDeploymentPostprocessing = 0;
		};
		11F247FA2858AC8E00DA595B /* Resources */ = {
			isa = PBXResourcesBuildPhase;
			buildActionMask = 2147483647;
			files = (
			);
			runOnlyForDeploymentPostprocessing = 0;
		};
		11F248042858AC8E00DA595B /* Resources */ = {
			isa = PBXResourcesBuildPhase;
			buildActionMask = 2147483647;
			files = (
			);
			runOnlyForDeploymentPostprocessing = 0;
		};
/* End PBXResourcesBuildPhase section */

/* Begin PBXSourcesBuildPhase section */
		11F247E82858AC8D00DA595B /* Sources */ = {
			isa = PBXSourcesBuildPhase;
			buildActionMask = 2147483647;
			files = (
				11F247F22858AC8D00DA595B /* ContentView.swift in Sources */,
				11F248282858CE2F00DA595B /* RealmModel.swift in Sources */,
				11F248242858C4C900DA595B /* FoodView.swift in Sources */,
				11F248262858C58000DA595B /* DataFactory.swift in Sources */,
				11F247F02858AC8D00DA595B /* Realm3App.swift in Sources */,
				11F2481A2858AF5600DA595B /* Realm.swift in Sources */,
			);
			runOnlyForDeploymentPostprocessing = 0;
		};
		11F247F82858AC8E00DA595B /* Sources */ = {
			isa = PBXSourcesBuildPhase;
			buildActionMask = 2147483647;
			files = (
				11F248012858AC8E00DA595B /* Realm3Tests.swift in Sources */,
			);
			runOnlyForDeploymentPostprocessing = 0;
		};
		11F248022858AC8E00DA595B /* Sources */ = {
			isa = PBXSourcesBuildPhase;
			buildActionMask = 2147483647;
			files = (
				11F2480D2858AC8E00DA595B /* Realm3UITestsLaunchTests.swift in Sources */,
				11F2480B2858AC8E00DA595B /* Realm3UITests.swift in Sources */,
			);
			runOnlyForDeploymentPostprocessing = 0;
		};
/* End PBXSourcesBuildPhase section */

/* Begin PBXTargetDependency section */
		11F247FE2858AC8E00DA595B /* PBXTargetDependency */ = {
			isa = PBXTargetDependency;
			target = 11F247EB2858AC8D00DA595B /* Realm3 */;
			targetProxy = 11F247FD2858AC8E00DA595B /* PBXContainerItemProxy */;
		};
		11F248082858AC8E00DA595B /* PBXTargetDependency */ = {
			isa = PBXTargetDependency;
			target = 11F247EB2858AC8D00DA595B /* Realm3 */;
			targetProxy = 11F248072858AC8E00DA595B /* PBXContainerItemProxy */;
		};
/* End PBXTargetDependency section */

/* Begin XCBuildConfiguration section */
		11F2480E2858AC8E00DA595B /* Debug */ = {
			isa = XCBuildConfiguration;
			buildSettings = {
				ALWAYS_SEARCH_USER_PATHS = NO;
				CLANG_ANALYZER_NONNULL = YES;
				CLANG_ANALYZER_NUMBER_OBJECT_CONVERSION = YES_AGGRESSIVE;
				CLANG_CXX_LANGUAGE_STANDARD = "gnu++17";
				CLANG_ENABLE_MODULES = YES;
				CLANG_ENABLE_OBJC_ARC = YES;
				CLANG_ENABLE_OBJC_WEAK = YES;
				CLANG_WARN_BLOCK_CAPTURE_AUTORELEASING = YES;
				CLANG_WARN_BOOL_CONVERSION = YES;
				CLANG_WARN_COMMA = YES;
				CLANG_WARN_CONSTANT_CONVERSION = YES;
				CLANG_WARN_DEPRECATED_OBJC_IMPLEMENTATIONS = YES;
				CLANG_WARN_DIRECT_OBJC_ISA_USAGE = YES_ERROR;
				CLANG_WARN_DOCUMENTATION_COMMENTS = YES;
				CLANG_WARN_EMPTY_BODY = YES;
				CLANG_WARN_ENUM_CONVERSION = YES;
				CLANG_WARN_INFINITE_RECURSION = YES;
				CLANG_WARN_INT_CONVERSION = YES;
				CLANG_WARN_NON_LITERAL_NULL_CONVERSION = YES;
				CLANG_WARN_OBJC_IMPLICIT_RETAIN_SELF = YES;
				CLANG_WARN_OBJC_LITERAL_CONVERSION = YES;
				CLANG_WARN_OBJC_ROOT_CLASS = YES_ERROR;
				CLANG_WARN_QUOTED_INCLUDE_IN_FRAMEWORK_HEADER = YES;
				CLANG_WARN_RANGE_LOOP_ANALYSIS = YES;
				CLANG_WARN_STRICT_PROTOTYPES = YES;
				CLANG_WARN_SUSPICIOUS_MOVE = YES;
				CLANG_WARN_UNGUARDED_AVAILABILITY = YES_AGGRESSIVE;
				CLANG_WARN_UNREACHABLE_CODE = YES;
				CLANG_WARN__DUPLICATE_METHOD_MATCH = YES;
				COPY_PHASE_STRIP = NO;
				DEBUG_INFORMATION_FORMAT = dwarf;
				ENABLE_STRICT_OBJC_MSGSEND = YES;
				ENABLE_TESTABILITY = YES;
				GCC_C_LANGUAGE_STANDARD = gnu11;
				GCC_DYNAMIC_NO_PIC = NO;
				GCC_NO_COMMON_BLOCKS = YES;
				GCC_OPTIMIZATION_LEVEL = 0;
				GCC_PREPROCESSOR_DEFINITIONS = (
					"DEBUG=1",
					"$(inherited)",
				);
				GCC_WARN_64_TO_32_BIT_CONVERSION = YES;
				GCC_WARN_ABOUT_RETURN_TYPE = YES_ERROR;
				GCC_WARN_UNDECLARED_SELECTOR = YES;
				GCC_WARN_UNINITIALIZED_AUTOS = YES_AGGRESSIVE;
				GCC_WARN_UNUSED_FUNCTION = YES;
				GCC_WARN_UNUSED_VARIABLE = YES;
				IPHONEOS_DEPLOYMENT_TARGET = 15.4;
				MTL_ENABLE_DEBUG_INFO = INCLUDE_SOURCE;
				MTL_FAST_MATH = YES;
				ONLY_ACTIVE_ARCH = YES;
				SDKROOT = iphoneos;
				SWIFT_ACTIVE_COMPILATION_CONDITIONS = DEBUG;
				SWIFT_OPTIMIZATION_LEVEL = "-Onone";
			};
			name = Debug;
		};
		11F2480F2858AC8E00DA595B /* Release */ = {
			isa = XCBuildConfiguration;
			buildSettings = {
				ALWAYS_SEARCH_USER_PATHS = NO;
				CLANG_ANALYZER_NONNULL = YES;
				CLANG_ANALYZER_NUMBER_OBJECT_CONVERSION = YES_AGGRESSIVE;
				CLANG_CXX_LANGUAGE_STANDARD = "gnu++17";
				CLANG_ENABLE_MODULES = YES;
				CLANG_ENABLE_OBJC_ARC = YES;
				CLANG_ENABLE_OBJC_WEAK = YES;
				CLANG_WARN_BLOCK_CAPTURE_AUTORELEASING = YES;
				CLANG_WARN_BOOL_CONVERSION = YES;
				CLANG_WARN_COMMA = YES;
				CLANG_WARN_CONSTANT_CONVERSION = YES;
				CLANG_WARN_DEPRECATED_OBJC_IMPLEMENTATIONS = YES;
				CLANG_WARN_DIRECT_OBJC_ISA_USAGE = YES_ERROR;
				CLANG_WARN_DOCUMENTATION_COMMENTS = YES;
				CLANG_WARN_EMPTY_BODY = YES;
				CLANG_WARN_ENUM_CONVERSION = YES;
				CLANG_WARN_INFINITE_RECURSION = YES;
				CLANG_WARN_INT_CONVERSION = YES;
				CLANG_WARN_NON_LITERAL_NULL_CONVERSION = YES;
				CLANG_WARN_OBJC_IMPLICIT_RETAIN_SELF = YES;
				CLANG_WARN_OBJC_LITERAL_CONVERSION = YES;
				CLANG_WARN_OBJC_ROOT_CLASS = YES_ERROR;
				CLANG_WARN_QUOTED_INCLUDE_IN_FRAMEWORK_HEADER = YES;
				CLANG_WARN_RANGE_LOOP_ANALYSIS = YES;
				CLANG_WARN_STRICT_PROTOTYPES = YES;
				CLANG_WARN_SUSPICIOUS_MOVE = YES;
				CLANG_WARN_UNGUARDED_AVAILABILITY = YES_AGGRESSIVE;
				CLANG_WARN_UNREACHABLE_CODE = YES;
				CLANG_WARN__DUPLICATE_METHOD_MATCH = YES;
				COPY_PHASE_STRIP = NO;
				DEBUG_INFORMATION_FORMAT = "dwarf-with-dsym";
				ENABLE_NS_ASSERTIONS = NO;
				ENABLE_STRICT_OBJC_MSGSEND = YES;
				GCC_C_LANGUAGE_STANDARD = gnu11;
				GCC_NO_COMMON_BLOCKS = YES;
				GCC_WARN_64_TO_32_BIT_CONVERSION = YES;
				GCC_WARN_ABOUT_RETURN_TYPE = YES_ERROR;
				GCC_WARN_UNDECLARED_SELECTOR = YES;
				GCC_WARN_UNINITIALIZED_AUTOS = YES_AGGRESSIVE;
				GCC_WARN_UNUSED_FUNCTION = YES;
				GCC_WARN_UNUSED_VARIABLE = YES;
				IPHONEOS_DEPLOYMENT_TARGET = 15.4;
				MTL_ENABLE_DEBUG_INFO = NO;
				MTL_FAST_MATH = YES;
				SDKROOT = iphoneos;
				SWIFT_COMPILATION_MODE = wholemodule;
				SWIFT_OPTIMIZATION_LEVEL = "-O";
				VALIDATE_PRODUCT = YES;
			};
			name = Release;
		};
		11F248112858AC8E00DA595B /* Debug */ = {
			isa = XCBuildConfiguration;
			buildSettings = {
				ASSETCATALOG_COMPILER_APPICON_NAME = AppIcon;
				ASSETCATALOG_COMPILER_GLOBAL_ACCENT_COLOR_NAME = AccentColor;
				CODE_SIGN_STYLE = Automatic;
				CURRENT_PROJECT_VERSION = 1;
				DEVELOPMENT_ASSET_PATHS = "\"Realm3/Preview Content\"";
				DEVELOPMENT_TEAM = 9FDS8R22C5;
				ENABLE_PREVIEWS = YES;
				GENERATE_INFOPLIST_FILE = YES;
				INFOPLIST_KEY_UIApplicationSceneManifest_Generation = YES;
				INFOPLIST_KEY_UIApplicationSupportsIndirectInputEvents = YES;
				INFOPLIST_KEY_UILaunchScreen_Generation = YES;
				INFOPLIST_KEY_UISupportedInterfaceOrientations_iPad = "UIInterfaceOrientationPortrait UIInterfaceOrientationPortraitUpsideDown UIInterfaceOrientationLandscapeLeft UIInterfaceOrientationLandscapeRight";
				INFOPLIST_KEY_UISupportedInterfaceOrientations_iPhone = "UIInterfaceOrientationPortrait UIInterfaceOrientationLandscapeLeft UIInterfaceOrientationLandscapeRight";
				LD_RUNPATH_SEARCH_PATHS = (
					"$(inherited)",
					"@executable_path/Frameworks",
				);
				MARKETING_VERSION = 1.0;
				PRODUCT_BUNDLE_IDENTIFIER = com.seojang22.Realm3;
				PRODUCT_NAME = "$(TARGET_NAME)";
				SWIFT_EMIT_LOC_STRINGS = YES;
				SWIFT_VERSION = 5.0;
				TARGETED_DEVICE_FAMILY = "1,2";
			};
			name = Debug;
		};
		11F248122858AC8E00DA595B /* Release */ = {
			isa = XCBuildConfiguration;
			buildSettings = {
				ASSETCATALOG_COMPILER_APPICON_NAME = AppIcon;
				ASSETCATALOG_COMPILER_GLOBAL_ACCENT_COLOR_NAME = AccentColor;
				CODE_SIGN_STYLE = Automatic;
				CURRENT_PROJECT_VERSION = 1;
				DEVELOPMENT_ASSET_PATHS = "\"Realm3/Preview Content\"";
				DEVELOPMENT_TEAM = 9FDS8R22C5;
				ENABLE_PREVIEWS = YES;
				GENERATE_INFOPLIST_FILE = YES;
				INFOPLIST_KEY_UIApplicationSceneManifest_Generation = YES;
				INFOPLIST_KEY_UIApplicationSupportsIndirectInputEvents = YES;
				INFOPLIST_KEY_UILaunchScreen_Generation = YES;
				INFOPLIST_KEY_UISupportedInterfaceOrientations_iPad = "UIInterfaceOrientationPortrait UIInterfaceOrientationPortraitUpsideDown UIInterfaceOrientationLandscapeLeft UIInterfaceOrientationLandscapeRight";
				INFOPLIST_KEY_UISupportedInterfaceOrientations_iPhone = "UIInterfaceOrientationPortrait UIInterfaceOrientationLandscapeLeft UIInterfaceOrientationLandscapeRight";
				LD_RUNPATH_SEARCH_PATHS = (
					"$(inherited)",
					"@executable_path/Frameworks",
				);
				MARKETING_VERSION = 1.0;
				PRODUCT_BUNDLE_IDENTIFIER = com.seojang22.Realm3;
				PRODUCT_NAME = "$(TARGET_NAME)";
				SWIFT_EMIT_LOC_STRINGS = YES;
				SWIFT_VERSION = 5.0;
				TARGETED_DEVICE_FAMILY = "1,2";
			};
			name = Release;
		};
		11F248142858AC8E00DA595B /* Debug */ = {
			isa = XCBuildConfiguration;
			buildSettings = {
				ALWAYS_EMBED_SWIFT_STANDARD_LIBRARIES = YES;
				BUNDLE_LOADER = "$(TEST_HOST)";
				CODE_SIGN_STYLE = Automatic;
				CURRENT_PROJECT_VERSION = 1;
				DEVELOPMENT_TEAM = 9FDS8R22C5;
				GENERATE_INFOPLIST_FILE = YES;
				IPHONEOS_DEPLOYMENT_TARGET = 15.4;
				MARKETING_VERSION = 1.0;
				PRODUCT_BUNDLE_IDENTIFIER = com.seojang22.Realm3Tests;
				PRODUCT_NAME = "$(TARGET_NAME)";
				SWIFT_EMIT_LOC_STRINGS = NO;
				SWIFT_VERSION = 5.0;
				TARGETED_DEVICE_FAMILY = "1,2";
				TEST_HOST = "$(BUILT_PRODUCTS_DIR)/Realm3.app/Realm3";
			};
			name = Debug;
		};
		11F248152858AC8E00DA595B /* Release */ = {
			isa = XCBuildConfiguration;
			buildSettings = {
				ALWAYS_EMBED_SWIFT_STANDARD_LIBRARIES = YES;
				BUNDLE_LOADER = "$(TEST_HOST)";
				CODE_SIGN_STYLE = Automatic;
				CURRENT_PROJECT_VERSION = 1;
				DEVELOPMENT_TEAM = 9FDS8R22C5;
				GENERATE_INFOPLIST_FILE = YES;
				IPHONEOS_DEPLOYMENT_TARGET = 15.4;
				MARKETING_VERSION = 1.0;
				PRODUCT_BUNDLE_IDENTIFIER = com.seojang22.Realm3Tests;
				PRODUCT_NAME = "$(TARGET_NAME)";
				SWIFT_EMIT_LOC_STRINGS = NO;
				SWIFT_VERSION = 5.0;
				TARGETED_DEVICE_FAMILY = "1,2";
				TEST_HOST = "$(BUILT_PRODUCTS_DIR)/Realm3.app/Realm3";
			};
			name = Release;
		};
		11F248172858AC8E00DA595B /* Debug */ = {
			isa = XCBuildConfiguration;
			buildSettings = {
				ALWAYS_EMBED_SWIFT_STANDARD_LIBRARIES = YES;
				CODE_SIGN_STYLE = Automatic;
				CURRENT_PROJECT_VERSION = 1;
				DEVELOPMENT_TEAM = 9FDS8R22C5;
				GENERATE_INFOPLIST_FILE = YES;
				MARKETING_VERSION = 1.0;
				PRODUCT_BUNDLE_IDENTIFIER = com.seojang22.Realm3UITests;
				PRODUCT_NAME = "$(TARGET_NAME)";
				SWIFT_EMIT_LOC_STRINGS = NO;
				SWIFT_VERSION = 5.0;
				TARGETED_DEVICE_FAMILY = "1,2";
				TEST_TARGET_NAME = Realm3;
			};
			name = Debug;
		};
		11F248182858AC8E00DA595B /* Release */ = {
			isa = XCBuildConfiguration;
			buildSettings = {
				ALWAYS_EMBED_SWIFT_STANDARD_LIBRARIES = YES;
				CODE_SIGN_STYLE = Automatic;
				CURRENT_PROJECT_VERSION = 1;
				DEVELOPMENT_TEAM = 9FDS8R22C5;
				GENERATE_INFOPLIST_FILE = YES;
				MARKETING_VERSION = 1.0;
				PRODUCT_BUNDLE_IDENTIFIER = com.seojang22.Realm3UITests;
				PRODUCT_NAME = "$(TARGET_NAME)";
				SWIFT_EMIT_LOC_STRINGS = NO;
				SWIFT_VERSION = 5.0;
				TARGETED_DEVICE_FAMILY = "1,2";
				TEST_TARGET_NAME = Realm3;
			};
			name = Release;
		};
/* End XCBuildConfiguration section */

/* Begin XCConfigurationList section */
		11F247E72858AC8D00DA595B /* Build configuration list for PBXProject "Realm3" */ = {
			isa = XCConfigurationList;
			buildConfigurations = (
				11F2480E2858AC8E00DA595B /* Debug */,
				11F2480F2858AC8E00DA595B /* Release */,
			);
			defaultConfigurationIsVisible = 0;
			defaultConfigurationName = Release;
		};
		11F248102858AC8E00DA595B /* Build configuration list for PBXNativeTarget "Realm3" */ = {
			isa = XCConfigurationList;
			buildConfigurations = (
				11F248112858AC8E00DA595B /* Debug */,
				11F248122858AC8E00DA595B /* Release */,
			);
			defaultConfigurationIsVisible = 0;
			defaultConfigurationName = Release;
		};
		11F248132858AC8E00DA595B /* Build configuration list for PBXNativeTarget "Realm3Tests" */ = {
			isa = XCConfigurationList;
			buildConfigurations = (
				11F248142858AC8E00DA595B /* Debug */,
				11F248152858AC8E00DA595B /* Release */,
			);
			defaultConfigurationIsVisible = 0;
			defaultConfigurationName = Release;
		};
		11F248162858AC8E00DA595B /* Build configuration list for PBXNativeTarget "Realm3UITests" */ = {
			isa = XCConfigurationList;
			buildConfigurations = (
				11F248172858AC8E00DA595B /* Debug */,
				11F248182858AC8E00DA595B /* Release */,
			);
			defaultConfigurationIsVisible = 0;
			defaultConfigurationName = Release;
		};
/* End XCConfigurationList section */

/* Begin XCRemoteSwiftPackageReference section */
		11F2481B2858AFD400DA595B /* XCRemoteSwiftPackageReference "realm-swift" */ = {
			isa = XCRemoteSwiftPackageReference;
			repositoryURL = "https://github.com/realm/realm-swift.git";
			requirement = {
				branch = master;
				kind = branch;
			};
		};
/* End XCRemoteSwiftPackageReference section */

/* Begin XCSwiftPackageProductDependency section */
		11F2481C2858AFD400DA595B /* RealmSwift */ = {
			isa = XCSwiftPackageProductDependency;
			package = 11F2481B2858AFD400DA595B /* XCRemoteSwiftPackageReference "realm-swift" */;
			productName = RealmSwift;
		};
/* End XCSwiftPackageProductDependency section */
	};
	rootObject = 11F247E42858AC8D00DA595B /* Project object */;
}
